
Microsoft Visual Studio Solution File, Format Version 12.00
# Visual Studio Version 17
VisualStudioVersion = 17.9.34728.123
MinimumVisualStudioVersion = 10.0.40219.1
Project("{FAE04EC0-301F-11D3-BF4B-00C04F79EFBC}") = "Chain", "Chain\Chain.csproj", "{44ABC686-B73C-4423-84B5-8C35126CDDA1}"
EndProject
Global
	GlobalSection(SolutionConfigurationPlatforms) = preSolution
		Debug|Any CPU = Debug|Any CPU
		Release|Any CPU = Release|Any CPU
	EndGlobalSection
	GlobalSection(ProjectConfigurationPlatforms) = postSolution
		{44ABC686-B73C-4423-84B5-8C35126CDDA1}.Debug|Any CPU.ActiveCfg = Debug|Any CPU
		{44ABC686-B73C-4423-84B5-8C35126CDDA1}.Debug|Any CPU.Build.0 = Debug|Any CPU
		{44ABC686-B73C-4423-84B5-8C35126CDDA1}.Release|Any CPU.ActiveCfg = Release|Any CPU
		{44ABC686-B73C-4423-84B5-8C35126CDDA1}.Release|Any CPU.Build.0 = Release|Any CPU
	EndGlobalSection
	GlobalSection(SolutionProperties) = preSolution
		HideSolutionNode = FALSE
	EndGlobalSection
	GlobalSection(ExtensibilityGlobals) = postSolution
		SolutionGuid = {1EE13FEF-D797-4661-85E6-2E519F1CEAD4}
	EndGlobalSection
EndGlobal
